Microsoft Visual Studio Solution File, Format Version 12.00
# Visual Studio 14
VisualStudioVersion = 14.0.25420.1
MinimumVisualStudioVersion = 10.0.40219.1
Project("{8BC9CEB8-8B4A-11D0-8D11-00A0C91BC942}") = "ALL_BUILD", "ALL_BUILD.vcxproj", "{ED89350D-E31E-3E8F-958D-6081E3123760}"
	ProjectSection(ProjectDependencies) = postProject
		{F55B075D-48B8-3A38-BC4E-66069AF43D7B} = {F55B075D-48B8-3A38-BC4E-66069AF43D7B}
		{FEFD1122-2D54-3F24-8746-00E24C4F164B} = {FEFD1122-2D54-3F24-8746-00E24C4F164B}
		{8F22EDCF-1B2F-32EC-90CD-829DD1F6D9EC} = {8F22EDCF-1B2F-32EC-90CD-829DD1F6D9EC}
		{B3EAD99E-AE49-3DFB-B6A9-133304005B83} = {B3EAD99E-AE49-3DFB-B6A9-133304005B83}
		{A04718AB-D546-367C-BA4D-EBCFD227B7EE} = {A04718AB-D546-367C-BA4D-EBCFD227B7EE}
	EndProjectSection
EndProject
Project("{8BC9CEB8-8B4A-11D0-8D11-00A0C91BC942}") = "INSTALL", "INSTALL.vcxproj", "{E85BBE00-9E98-3CAE-A890-F0383B4102BC}"
	ProjectSection(ProjectDependencies) = postProject
		{ED89350D-E31E-3E8F-958D-6081E3123760} = {ED89350D-E31E-3E8F-958D-6081E3123760}
		{F55B075D-48B8-3A38-BC4E-66069AF43D7B} = {F55B075D-48B8-3A38-BC4E-66069AF43D7B}
	EndProjectSection
EndProject
Project("{8BC9CEB8-8B4A-11D0-8D11-00A0C91BC942}") = "ZERO_CHECK", "ZERO_CHECK.vcxproj", "{F55B075D-48B8-3A38-BC4E-66069AF43D7B}"
EndProject
Project("{8BC9CEB8-8B4A-11D0-8D11-00A0C91BC942}") = "lo_shared", "lo_shared.vcxproj", "{FEFD1122-2D54-3F24-8746-00E24C4F164B}"
	ProjectSection(ProjectDependencies) = postProject
		{F55B075D-48B8-3A38-BC4E-66069AF43D7B} = {F55B075D-48B8-3A38-BC4E-66069AF43D7B}
	EndProjectSection
EndProject
Project("{8BC9CEB8-8B4A-11D0-8D11-00A0C91BC942}") = "lo_static", "lo_static.vcxproj", "{8F22EDCF-1B2F-32EC-90CD-829DD1F6D9EC}"
	ProjectSection(ProjectDependencies) = postProject
		{F55B075D-48B8-3A38-BC4E-66069AF43D7B} = {F55B075D-48B8-3A38-BC4E-66069AF43D7B}
	EndProjectSection
EndProject
Project("{8BC9CEB8-8B4A-11D0-8D11-00A0C91BC942}") = "oscdump", "oscdump.vcxproj", "{B3EAD99E-AE49-3DFB-B6A9-133304005B83}"
	ProjectSection(ProjectDependencies) = postProject
		{F55B075D-48B8-3A38-BC4E-66069AF43D7B} = {F55B075D-48B8-3A38-BC4E-66069AF43D7B}
		{FEFD1122-2D54-3F24-8746-00E24C4F164B} = {FEFD1122-2D54-3F24-8746-00E24C4F164B}
	EndProjectSection
EndProject
Project("{8BC9CEB8-8B4A-11D0-8D11-00A0C91BC942}") = "oscsend", "oscsend.vcxproj", "{A04718AB-D546-367C-BA4D-EBCFD227B7EE}"
	ProjectSection(ProjectDependencies) = postProject
		{F55B075D-48B8-3A38-BC4E-66069AF43D7B} = {F55B075D-48B8-3A38-BC4E-66069AF43D7B}
		{FEFD1122-2D54-3F24-8746-00E24C4F164B} = {FEFD1122-2D54-3F24-8746-00E24C4F164B}
	EndProjectSection
EndProject
Project("{2150E333-8FDC-42A3-9474-1A3956D46DE8}") = "Cmake Shit", "Cmake Shit", "{22AF0ECB-94F0-46AB-AC19-58F2083D304E}"
EndProject
Project("{2150E333-8FDC-42A3-9474-1A3956D46DE8}") = "Core", "Core", "{67BC8F0E-87B7-4F57-805A-8FF1C2219F25}"
EndProject
Project("{8BC9CEB8-8B4A-11D0-8D11-00A0C91BC942}") = "lo_shared android", "lo_shared android.vcxproj", "{E028DAF3-74D7-4DA4-802B-8193AA2239B8}"
EndProject
Global
	GlobalSection(SolutionConfigurationPlatforms) = preSolution
		Debug|ARM = Debug|ARM
		Debug|ARM64 = Debug|ARM64
		Debug|Win32 = Debug|Win32
		Debug|x64 = Debug|x64
		MinSizeRel|ARM = MinSizeRel|ARM
		MinSizeRel|ARM64 = MinSizeRel|ARM64
		MinSizeRel|Win32 = MinSizeRel|Win32
		MinSizeRel|x64 = MinSizeRel|x64
		Release|ARM = Release|ARM
		Release|ARM64 = Release|ARM64
		Release|Win32 = Release|Win32
		Release|x64 = Release|x64
		RelWithDebInfo|ARM = RelWithDebInfo|ARM
		RelWithDebInfo|ARM64 = RelWithDebInfo|ARM64
		RelWithDebInfo|Win32 = RelWithDebInfo|Win32
		RelWithDebInfo|x64 = RelWithDebInfo|x64
	EndGlobalSection
	GlobalSection(ProjectConfigurationPlatforms) = postSolution
		{ED89350D-E31E-3E8F-958D-6081E3123760}.Debug|ARM.ActiveCfg = Debug|x64
		{ED89350D-E31E-3E8F-958D-6081E3123760}.Debug|ARM64.ActiveCfg = Debug|x64
		{ED89350D-E31E-3E8F-958D-6081E3123760}.Debug|Win32.ActiveCfg = Debug|x64
		{ED89350D-E31E-3E8F-958D-6081E3123760}.Debug|x64.ActiveCfg = Debug|x64
		{ED89350D-E31E-3E8F-958D-6081E3123760}.MinSizeRel|ARM.ActiveCfg = MinSizeRel|x64
		{ED89350D-E31E-3E8F-958D-6081E3123760}.MinSizeRel|ARM64.ActiveCfg = MinSizeRel|x64
		{ED89350D-E31E-3E8F-958D-6081E3123760}.MinSizeRel|Win32.ActiveCfg = MinSizeRel|x64
		{ED89350D-E31E-3E8F-958D-6081E3123760}.MinSizeRel|x64.ActiveCfg = MinSizeRel|x64
		{ED89350D-E31E-3E8F-958D-6081E3123760}.MinSizeRel|x64.Build.0 = MinSizeRel|x64
		{ED89350D-E31E-3E8F-958D-6081E3123760}.Release|ARM.ActiveCfg = Release|x64
		{ED89350D-E31E-3E8F-958D-6081E3123760}.Release|ARM64.ActiveCfg = Release|x64
		{ED89350D-E31E-3E8F-958D-6081E3123760}.Release|Win32.ActiveCfg = Release|x64
		{ED89350D-E31E-3E8F-958D-6081E3123760}.Release|x64.ActiveCfg = Release|x64
		{ED89350D-E31E-3E8F-958D-6081E3123760}.RelWithDebInfo|ARM.ActiveCfg = RelWithDebInfo|x64
		{ED89350D-E31E-3E8F-958D-6081E3123760}.RelWithDebInfo|ARM64.ActiveCfg = RelWithDebInfo|x64
		{ED89350D-E31E-3E8F-958D-6081E3123760}.RelWithDebInfo|Win32.ActiveCfg = RelWithDebInfo|x64
		{ED89350D-E31E-3E8F-958D-6081E3123760}.RelWithDebInfo|x64.ActiveCfg = RelWithDebInfo|x64
		{ED89350D-E31E-3E8F-958D-6081E3123760}.RelWithDebInfo|x64.Build.0 = RelWithDebInfo|x64
		{E85BBE00-9E98-3CAE-A890-F0383B4102BC}.Debug|ARM.ActiveCfg = Debug|x64
		{E85BBE00-9E98-3CAE-A890-F0383B4102BC}.Debug|ARM64.ActiveCfg = Debug|x64
		{E85BBE00-9E98-3CAE-A890-F0383B4102BC}.Debug|Win32.ActiveCfg = Debug|x64
		{E85BBE00-9E98-3CAE-A890-F0383B4102BC}.Debug|x64.ActiveCfg = Debug|x64
		{E85BBE00-9E98-3CAE-A890-F0383B4102BC}.MinSizeRel|ARM.ActiveCfg = MinSizeRel|x64
		{E85BBE00-9E98-3CAE-A890-F0383B4102BC}.MinSizeRel|ARM64.ActiveCfg = MinSizeRel|x64
		{E85BBE00-9E98-3CAE-A890-F0383B4102BC}.MinSizeRel|Win32.ActiveCfg = MinSizeRel|x64
		{E85BBE00-9E98-3CAE-A890-F0383B4102BC}.MinSizeRel|x64.ActiveCfg = MinSizeRel|x64
		{E85BBE00-9E98-3CAE-A890-F0383B4102BC}.Release|ARM.ActiveCfg = Release|x64
		{E85BBE00-9E98-3CAE-A890-F0383B4102BC}.Release|ARM64.ActiveCfg = Release|x64
		{E85BBE00-9E98-3CAE-A890-F0383B4102BC}.Release|Win32.ActiveCfg = Release|x64
		{E85BBE00-9E98-3CAE-A890-F0383B4102BC}.Release|x64.ActiveCfg = Release|x64
		{E85BBE00-9E98-3CAE-A890-F0383B4102BC}.RelWithDebInfo|ARM.ActiveCfg = RelWithDebInfo|x64
		{E85BBE00-9E98-3CAE-A890-F0383B4102BC}.RelWithDebInfo|ARM64.ActiveCfg = RelWithDebInfo|x64
		{E85BBE00-9E98-3CAE-A890-F0383B4102BC}.RelWithDebInfo|Win32.ActiveCfg = RelWithDebInfo|x64
		{E85BBE00-9E98-3CAE-A890-F0383B4102BC}.RelWithDebInfo|x64.ActiveCfg = RelWithDebInfo|x64
		{F55B075D-48B8-3A38-BC4E-66069AF43D7B}.Debug|ARM.ActiveCfg = Debug|x64
		{F55B075D-48B8-3A38-BC4E-66069AF43D7B}.Debug|ARM64.ActiveCfg = Debug|x64
		{F55B075D-48B8-3A38-BC4E-66069AF43D7B}.Debug|Win32.ActiveCfg = Debug|x64
		{F55B075D-48B8-3A38-BC4E-66069AF43D7B}.Debug|x64.ActiveCfg = Debug|x64
		{F55B075D-48B8-3A38-BC4E-66069AF43D7B}.MinSizeRel|ARM.ActiveCfg = MinSizeRel|x64
		{F55B075D-48B8-3A38-BC4E-66069AF43D7B}.MinSizeRel|ARM64.ActiveCfg = MinSizeRel|x64
		{F55B075D-48B8-3A38-BC4E-66069AF43D7B}.MinSizeRel|Win32.ActiveCfg = MinSizeRel|x64
		{F55B075D-48B8-3A38-BC4E-66069AF43D7B}.MinSizeRel|x64.ActiveCfg = MinSizeRel|x64
		{F55B075D-48B8-3A38-BC4E-66069AF43D7B}.MinSizeRel|x64.Build.0 = MinSizeRel|x64
		{F55B075D-48B8-3A38-BC4E-66069AF43D7B}.Release|ARM.ActiveCfg = Release|x64
		{F55B075D-48B8-3A38-BC4E-66069AF43D7B}.Release|ARM64.ActiveCfg = Release|x64
		{F55B075D-48B8-3A38-BC4E-66069AF43D7B}.Release|Win32.ActiveCfg = Release|x64
		{F55B075D-48B8-3A38-BC4E-66069AF43D7B}.Release|x64.ActiveCfg = Release|x64
		{F55B075D-48B8-3A38-BC4E-66069AF43D7B}.RelWithDebInfo|ARM.ActiveCfg = RelWithDebInfo|x64
		{F55B075D-48B8-3A38-BC4E-66069AF43D7B}.RelWithDebInfo|ARM64.ActiveCfg = RelWithDebInfo|x64
		{F55B075D-48B8-3A38-BC4E-66069AF43D7B}.RelWithDebInfo|Win32.ActiveCfg = RelWithDebInfo|x64
		{F55B075D-48B8-3A38-BC4E-66069AF43D7B}.RelWithDebInfo|x64.ActiveCfg = RelWithDebInfo|x64
		{F55B075D-48B8-3A38-BC4E-66069AF43D7B}.RelWithDebInfo|x64.Build.0 = RelWithDebInfo|x64
		{FEFD1122-2D54-3F24-8746-00E24C4F164B}.Debug|ARM.ActiveCfg = Debug|x64
		{FEFD1122-2D54-3F24-8746-00E24C4F164B}.Debug|ARM64.ActiveCfg = Debug|x64
		{FEFD1122-2D54-3F24-8746-00E24C4F164B}.Debug|Win32.ActiveCfg = Debug|Win32
		{FEFD1122-2D54-3F24-8746-00E24C4F164B}.Debug|Win32.Build.0 = Debug|Win32
		{FEFD1122-2D54-3F24-8746-00E24C4F164B}.Debug|x64.ActiveCfg = Debug|x64
		{FEFD1122-2D54-3F24-8746-00E24C4F164B}.Debug|x64.Build.0 = Debug|x64
		{FEFD1122-2D54-3F24-8746-00E24C4F164B}.MinSizeRel|ARM.ActiveCfg = MinSizeRel|x64
		{FEFD1122-2D54-3F24-8746-00E24C4F164B}.MinSizeRel|ARM64.ActiveCfg = MinSizeRel|x64
		{FEFD1122-2D54-3F24-8746-00E24C4F164B}.MinSizeRel|Win32.ActiveCfg = MinSizeRel|Win32
		{FEFD1122-2D54-3F24-8746-00E24C4F164B}.MinSizeRel|Win32.Build.0 = MinSizeRel|Win32
		{FEFD1122-2D54-3F24-8746-00E24C4F164B}.MinSizeRel|x64.ActiveCfg = MinSizeRel|x64
		{FEFD1122-2D54-3F24-8746-00E24C4F164B}.MinSizeRel|x64.Build.0 = MinSizeRel|x64
		{FEFD1122-2D54-3F24-8746-00E24C4F164B}.Release|ARM.ActiveCfg = Release|x64
		{FEFD1122-2D54-3F24-8746-00E24C4F164B}.Release|ARM64.ActiveCfg = Release|x64
		{FEFD1122-2D54-3F24-8746-00E24C4F164B}.Release|Win32.ActiveCfg = Release|Win32
		{FEFD1122-2D54-3F24-8746-00E24C4F164B}.Release|Win32.Build.0 = Release|Win32
		{FEFD1122-2D54-3F24-8746-00E24C4F164B}.Release|x64.ActiveCfg = Release|x64
		{FEFD1122-2D54-3F24-8746-00E24C4F164B}.Release|x64.Build.0 = Release|x64
		{FEFD1122-2D54-3F24-8746-00E24C4F164B}.RelWithDebInfo|ARM.ActiveCfg = RelWithDebInfo|x64
		{FEFD1122-2D54-3F24-8746-00E24C4F164B}.RelWithDebInfo|ARM64.ActiveCfg = RelWithDebInfo|x64
		{FEFD1122-2D54-3F24-8746-00E24C4F164B}.RelWithDebInfo|Win32.ActiveCfg = RelWithDebInfo|Win32
		{FEFD1122-2D54-3F24-8746-00E24C4F164B}.RelWithDebInfo|Win32.Build.0 = RelWithDebInfo|Win32
		{FEFD1122-2D54-3F24-8746-00E24C4F164B}.RelWithDebInfo|x64.ActiveCfg = RelWithDebInfo|x64
		{FEFD1122-2D54-3F24-8746-00E24C4F164B}.RelWithDebInfo|x64.Build.0 = RelWithDebInfo|x64
		{8F22EDCF-1B2F-32EC-90CD-829DD1F6D9EC}.Debug|ARM.ActiveCfg = Debug|x64
		{8F22EDCF-1B2F-32EC-90CD-829DD1F6D9EC}.Debug|ARM64.ActiveCfg = Debug|x64
		{8F22EDCF-1B2F-32EC-90CD-829DD1F6D9EC}.Debug|Win32.ActiveCfg = Debug|Win32
		{8F22EDCF-1B2F-32EC-90CD-829DD1F6D9EC}.Debug|Win32.Build.0 = Debug|Win32
		{8F22EDCF-1B2F-32EC-90CD-829DD1F6D9EC}.Debug|x64.ActiveCfg = Debug|x64
		{8F22EDCF-1B2F-32EC-90CD-829DD1F6D9EC}.Debug|x64.Build.0 = Debug|x64
		{8F22EDCF-1B2F-32EC-90CD-829DD1F6D9EC}.MinSizeRel|ARM.ActiveCfg = MinSizeRel|x64
		{8F22EDCF-1B2F-32EC-90CD-829DD1F6D9EC}.MinSizeRel|ARM64.ActiveCfg = MinSizeRel|x64
		{8F22EDCF-1B2F-32EC-90CD-829DD1F6D9EC}.MinSizeRel|Win32.ActiveCfg = MinSizeRel|Win32
		{8F22EDCF-1B2F-32EC-90CD-829DD1F6D9EC}.MinSizeRel|Win32.Build.0 = MinSizeRel|Win32
		{8F22EDCF-1B2F-32EC-90CD-829DD1F6D9EC}.MinSizeRel|x64.ActiveCfg = MinSizeRel|x64
		{8F22EDCF-1B2F-32EC-90CD-829DD1F6D9EC}.MinSizeRel|x64.Build.0 = MinSizeRel|x64
		{8F22EDCF-1B2F-32EC-90CD-829DD1F6D9EC}.Release|ARM.ActiveCfg = Release|x64
		{8F22EDCF-1B2F-32EC-90CD-829DD1F6D9EC}.Release|ARM64.ActiveCfg = Release|x64
		{8F22EDCF-1B2F-32EC-90CD-829DD1F6D9EC}.Release|Win32.ActiveCfg = Release|Win32
		{8F22EDCF-1B2F-32EC-90CD-829DD1F6D9EC}.Release|Win32.Build.0 = Release|Win32
		{8F22EDCF-1B2F-32EC-90CD-829DD1F6D9EC}.Release|x64.ActiveCfg = Release|x64
		{8F22EDCF-1B2F-32EC-90CD-829DD1F6D9EC}.Release|x64.Build.0 = Release|x64
		{8F22EDCF-1B2F-32EC-90CD-829DD1F6D9EC}.RelWithDebInfo|ARM.ActiveCfg = RelWithDebInfo|x64
		{8F22EDCF-1B2F-32EC-90CD-829DD1F6D9EC}.RelWithDebInfo|ARM64.ActiveCfg = RelWithDebInfo|x64
		{8F22EDCF-1B2F-32EC-90CD-829DD1F6D9EC}.RelWithDebInfo|Win32.ActiveCfg = RelWithDebInfo|Win32
		{8F22EDCF-1B2F-32EC-90CD-829DD1F6D9EC}.RelWithDebInfo|Win32.Build.0 = RelWithDebInfo|Win32
		{8F22EDCF-1B2F-32EC-90CD-829DD1F6D9EC}.RelWithDebInfo|x64.ActiveCfg = RelWithDebInfo|x64
		{8F22EDCF-1B2F-32EC-90CD-829DD1F6D9EC}.RelWithDebInfo|x64.Build.0 = RelWithDebInfo|x64
		{B3EAD99E-AE49-3DFB-B6A9-133304005B83}.Debug|ARM.ActiveCfg = Debug|x64
		{B3EAD99E-AE49-3DFB-B6A9-133304005B83}.Debug|ARM64.ActiveCfg = Debug|x64
		{B3EAD99E-AE49-3DFB-B6A9-133304005B83}.Debug|Win32.ActiveCfg = Debug|x64
		{B3EAD99E-AE49-3DFB-B6A9-133304005B83}.Debug|x64.ActiveCfg = Debug|x64
		{B3EAD99E-AE49-3DFB-B6A9-133304005B83}.MinSizeRel|ARM.ActiveCfg = MinSizeRel|x64
		{B3EAD99E-AE49-3DFB-B6A9-133304005B83}.MinSizeRel|ARM64.ActiveCfg = MinSizeRel|x64
		{B3EAD99E-AE49-3DFB-B6A9-133304005B83}.MinSizeRel|Win32.ActiveCfg = MinSizeRel|x64
		{B3EAD99E-AE49-3DFB-B6A9-133304005B83}.MinSizeRel|x64.ActiveCfg = MinSizeRel|x64
		{B3EAD99E-AE49-3DFB-B6A9-133304005B83}.MinSizeRel|x64.Build.0 = MinSizeRel|x64
		{B3EAD99E-AE49-3DFB-B6A9-133304005B83}.Release|ARM.ActiveCfg = Release|x64
		{B3EAD99E-AE49-3DFB-B6A9-133304005B83}.Release|ARM64.ActiveCfg = Release|x64
		{B3EAD99E-AE49-3DFB-B6A9-133304005B83}.Release|Win32.ActiveCfg = Release|x64
		{B3EAD99E-AE49-3DFB-B6A9-133304005B83}.Release|x64.ActiveCfg = Release|x64
		{B3EAD99E-AE49-3DFB-B6A9-133304005B83}.RelWithDebInfo|ARM.ActiveCfg = RelWithDebInfo|x64
		{B3EAD99E-AE49-3DFB-B6A9-133304005B83}.RelWithDebInfo|ARM64.ActiveCfg = RelWithDebInfo|x64
		{B3EAD99E-AE49-3DFB-B6A9-133304005B83}.RelWithDebInfo|Win32.ActiveCfg = RelWithDebInfo|x64
		{B3EAD99E-AE49-3DFB-B6A9-133304005B83}.RelWithDebInfo|x64.ActiveCfg = RelWithDebInfo|x64
		{B3EAD99E-AE49-3DFB-B6A9-133304005B83}.RelWithDebInfo|x64.Build.0 = RelWithDebInfo|x64
		{A04718AB-D546-367C-BA4D-EBCFD227B7EE}.Debug|ARM.ActiveCfg = Debug|x64
		{A04718AB-D546-367C-BA4D-EBCFD227B7EE}.Debug|ARM64.ActiveCfg = Debug|x64
		{A04718AB-D546-367C-BA4D-EBCFD227B7EE}.Debug|Win32.ActiveCfg = Debug|x64
		{A04718AB-D546-367C-BA4D-EBCFD227B7EE}.Debug|x64.ActiveCfg = Debug|x64
		{A04718AB-D546-367C-BA4D-EBCFD227B7EE}.MinSizeRel|ARM.ActiveCfg = MinSizeRel|x64
		{A04718AB-D546-367C-BA4D-EBCFD227B7EE}.MinSizeRel|ARM64.ActiveCfg = MinSizeRel|x64
		{A04718AB-D546-367C-BA4D-EBCFD227B7EE}.MinSizeRel|Win32.ActiveCfg = MinSizeRel|x64
		{A04718AB-D546-367C-BA4D-EBCFD227B7EE}.MinSizeRel|x64.ActiveCfg = MinSizeRel|x64
		{A04718AB-D546-367C-BA4D-EBCFD227B7EE}.MinSizeRel|x64.Build.0 = MinSizeRel|x64
		{A04718AB-D546-367C-BA4D-EBCFD227B7EE}.Release|ARM.ActiveCfg = Release|x64
		{A04718AB-D546-367C-BA4D-EBCFD227B7EE}.Release|ARM64.ActiveCfg = Release|x64
		{A04718AB-D546-367C-BA4D-EBCFD227B7EE}.Release|Win32.ActiveCfg = Release|x64
		{A04718AB-D546-367C-BA4D-EBCFD227B7EE}.Release|x64.ActiveCfg = Release|x64
		{A04718AB-D546-367C-BA4D-EBCFD227B7EE}.RelWithDebInfo|ARM.ActiveCfg = RelWithDebInfo|x64
		{A04718AB-D546-367C-BA4D-EBCFD227B7EE}.RelWithDebInfo|ARM64.ActiveCfg = RelWithDebInfo|x64
		{A04718AB-D546-367C-BA4D-EBCFD227B7EE}.RelWithDebInfo|Win32.ActiveCfg = RelWithDebInfo|x64
		{A04718AB-D546-367C-BA4D-EBCFD227B7EE}.RelWithDebInfo|x64.ActiveCfg = RelWithDebInfo|x64
		{A04718AB-D546-367C-BA4D-EBCFD227B7EE}.RelWithDebInfo|x64.Build.0 = RelWithDebInfo|x64
		{E028DAF3-74D7-4DA4-802B-8193AA2239B8}.Debug|ARM.ActiveCfg = Debug|ARM
		{E028DAF3-74D7-4DA4-802B-8193AA2239B8}.Debug|ARM.Build.0 = Debug|ARM
		{E028DAF3-74D7-4DA4-802B-8193AA2239B8}.Debug|ARM64.ActiveCfg = Debug|ARM64
		{E028DAF3-74D7-4DA4-802B-8193AA2239B8}.Debug|ARM64.Build.0 = Debug|ARM64
		{E028DAF3-74D7-4DA4-802B-8193AA2239B8}.Debug|Win32.ActiveCfg = Debug|x86
		{E028DAF3-74D7-4DA4-802B-8193AA2239B8}.Debug|Win32.Build.0 = Debug|x86
		{E028DAF3-74D7-4DA4-802B-8193AA2239B8}.Debug|x64.ActiveCfg = Debug|x64
		{E028DAF3-74D7-4DA4-802B-8193AA2239B8}.Debug|x64.Build.0 = Debug|x64
		{E028DAF3-74D7-4DA4-802B-8193AA2239B8}.MinSizeRel|ARM.ActiveCfg = Release|ARM
		{E028DAF3-74D7-4DA4-802B-8193AA2239B8}.MinSizeRel|ARM.Build.0 = Release|ARM
		{E028DAF3-74D7-4DA4-802B-8193AA2239B8}.MinSizeRel|ARM64.ActiveCfg = Release|ARM64
		{E028DAF3-74D7-4DA4-802B-8193AA2239B8}.MinSizeRel|ARM64.Build.0 = Release|ARM64
		{E028DAF3-74D7-4DA4-802B-8193AA2239B8}.MinSizeRel|Win32.ActiveCfg = Release|x86
		{E028DAF3-74D7-4DA4-802B-8193AA2239B8}.MinSizeRel|Win32.Build.0 = Release|x86
		{E028DAF3-74D7-4DA4-802B-8193AA2239B8}.MinSizeRel|x64.ActiveCfg = Release|x64
		{E028DAF3-74D7-4DA4-802B-8193AA2239B8}.MinSizeRel|x64.Build.0 = Release|x64
		{E028DAF3-74D7-4DA4-802B-8193AA2239B8}.Release|ARM.ActiveCfg = Release|ARM
		{E028DAF3-74D7-4DA4-802B-8193AA2239B8}.Release|ARM.Build.0 = Release|ARM
		{E028DAF3-74D7-4DA4-802B-8193AA2239B8}.Release|ARM64.ActiveCfg = Release|ARM64
		{E028DAF3-74D7-4DA4-802B-8193AA2239B8}.Release|ARM64.Build.0 = Release|ARM64
		{E028DAF3-74D7-4DA4-802B-8193AA2239B8}.Release|Win32.ActiveCfg = Release|x86
		{E028DAF3-74D7-4DA4-802B-8193AA2239B8}.Release|Win32.Build.0 = Release|x86
		{E028DAF3-74D7-4DA4-802B-8193AA2239B8}.Release|x64.ActiveCfg = Release|x64
		{E028DAF3-74D7-4DA4-802B-8193AA2239B8}.Release|x64.Build.0 = Release|x64
		{E028DAF3-74D7-4DA4-802B-8193AA2239B8}.RelWithDebInfo|ARM.ActiveCfg = Release|ARM
		{E028DAF3-74D7-4DA4-802B-8193AA2239B8}.RelWithDebInfo|ARM.Build.0 = Release|ARM
		{E028DAF3-74D7-4DA4-802B-8193AA2239B8}.RelWithDebInfo|ARM64.ActiveCfg = Release|ARM64
		{E028DAF3-74D7-4DA4-802B-8193AA2239B8}.RelWithDebInfo|ARM64.Build.0 = Release|ARM64
		{E028DAF3-74D7-4DA4-802B-8193AA2239B8}.RelWithDebInfo|Win32.ActiveCfg = Release|x86
		{E028DAF3-74D7-4DA4-802B-8193AA2239B8}.RelWithDebInfo|Win32.Build.0 = Release|x86
		{E028DAF3-74D7-4DA4-802B-8193AA2239B8}.RelWithDebInfo|x64.ActiveCfg = Release|x64
		{E028DAF3-74D7-4DA4-802B-8193AA2239B8}.RelWithDebInfo|x64.Build.0 = Release|x64
	EndGlobalSection
	GlobalSection(SolutionProperties) = preSolution
		HideSolutionNode = FALSE
	EndGlobalSection
	GlobalSection(NestedProjects) = preSolution
		{ED89350D-E31E-3E8F-958D-6081E3123760} = {22AF0ECB-94F0-46AB-AC19-58F2083D304E}
		{E85BBE00-9E98-3CAE-A890-F0383B4102BC} = {22AF0ECB-94F0-46AB-AC19-58F2083D304E}
		{F55B075D-48B8-3A38-BC4E-66069AF43D7B} = {22AF0ECB-94F0-46AB-AC19-58F2083D304E}
		{FEFD1122-2D54-3F24-8746-00E24C4F164B} = {67BC8F0E-87B7-4F57-805A-8FF1C2219F25}
		{8F22EDCF-1B2F-32EC-90CD-829DD1F6D9EC} = {67BC8F0E-87B7-4F57-805A-8FF1C2219F25}
		{B3EAD99E-AE49-3DFB-B6A9-133304005B83} = {22AF0ECB-94F0-46AB-AC19-58F2083D304E}
		{A04718AB-D546-367C-BA4D-EBCFD227B7EE} = {22AF0ECB-94F0-46AB-AC19-58F2083D304E}
		{E028DAF3-74D7-4DA4-802B-8193AA2239B8} = {67BC8F0E-87B7-4F57-805A-8FF1C2219F25}
	EndGlobalSection
EndGlobal
